github.com/Financial-Times/go-fthealth v0.0.0-20171204124831-1b007e2b37b7 h1:dkf1EOTiHXA2lG2EJuePEim6y0HEOPt0hcqsT/qUr/k=
github.com/Financial-Times/go-fthealth v0.0.0-20171204124831-1b007e2b37b7/go.mod h1:gpAzq6W5rCheYlY32JOIxS/VjVcYHbC2PkMzQngHT9c=
github.com/Financial-Times/go-logger v0.0.0-20180323124113-febee6537e90 h1:U7wPaeMESlG0WVwOobaw4qv6I6s9F8b0SdmJKH3Vh6A=
github.com/Financial-Times/go-logger v0.0.0-20180323124113-febee6537e90/go.mod h1:NI4Dg39A21H57YC2nG8C42C6ENz/YVsI0jMQWngJzR0=
github.com/Financial-Times/http-handlers-go v0.0.0-20170809121007-229ac16f1d9e h1:/Y2wrSfkueFmdOIyQSABebfEe5P+yFyxBnmtnx1C0HM=
github.com/Financial-Times/http-handlers-go v0.0.0-20170809121007-229ac16f1d9e/go.mod h1:sAkXv1oPYgNTYBYsYs83HwpYp7R50mvgBGGcsOlJtOw=
github.com/Financial-Times/service-status-go v0.0.0-20160323111542-3f5199736a3d h1:USNBTIof6vWGM49SYrxvC5Y8NqyDL3YuuYmID81ORZQ=
github.com/Financial-Times/service-status-go v0.0.0-20160323111542-3f5199736a3d/go.mod h1:7zULC9rrq6KxFkpB3Y5zNVaEwrf1g2m3dvXJBPDXyvM=
github.com/Financial-Times/transactionid-utils-go v0.2.0 h1:YcET5Hd1fUGWWpQSVszYUlAc15ca8tmjRetUuQKRqEQ=
github.com/Financial-Times/transactionid-utils-go v0.2.0/go.mod h1:tPAcAFs/dR6Q7hBDGNyUyixHRvg/n9NW/JTq8C58oZ0=
github.com/gorilla/context v1.1.1 h1:AWwleXJkX/nhcU9bZSnZoi3h/qGYqQAGhq6zZe/aQW8=
github.com/gorilla/context v1.1.1/go.mod h1:kBGZzfjB9CEq2AlWe17Uuf7NDRt0dE0s8S51q0aT7Yg=
github.com/gorilla/mux v1.6.1 h1:KOwqsTYZdeuMacU7CxjMNYEKeBvLbxW+psodrbcEa3A=
github.com/gorilla/mux v1.6.1/go.mod h1:1lud6UwP+6orDFRuTfBEV8e9/aOM/c4fVVCaMa2zaAs=
github.com/hashicorp/go-version v0.0.0-20171129150820-4fe82ae3040f h1:QnRipjW3Mm+sgD+vyO87cb+1RLzoM0mGVTYClil7mQg=
github.com/hashicorp/go-version v0.0.0-20171129150820-4fe82ae3040f/go.mod h1:fltr4n8CU8Ke44wwGCBoEymUuxUHl09ZGVZPK5anwXA=
github.com/jawher/mow.cli v1.0.3 h1:Gzeyd6chWE6QOMMcWh/A6mZ/szC5hpkYkqkzj4DakgU=
github.com/jawher/mow.cli v1.0.3/go.mod h1:5hQj2V8g+qYmLUVWqu4Wuja1pI57M83EChYLVZ0sMKk=
github.com/neo4j-drivers/gobolt v1.7.4 h1:80c7W+vtw39ES9Q85q9GZh4tJo+1MpQGpFTuo28CP+Y=
github.com/neo4j-drivers/gobolt v1.7.4/go.mod h1:O9AUbip4Dgre+CD3p40dnMD4a4r52QBIfblg5k7CTbE=
github.com/neo4j/neo4j-go-driver v1.7.4 h1:BgVVwYkG3DWcZGiOPUOkwkd54sSg+UHDaLYz3aiNCek=
github.com/neo4j/neo4j-go-driver v1.7.4/go.mod h1:aPO0vVr+WnhEJne+FgFjfsjzAnssPFLucHgGZ76Zb/U=
github.com/rcrowley/go-metrics v0.0.0-20180125231941-8732c616f529 h1:QdrarV+Ze3cQpiZZ410O4mpB0WUdOgMc3Rwu8zOmLVg=
github.com/rcrowley/go-metrics v0.0.0-20180125231941-8732c616f529/go.mod h1:bCqnVzQkZxMG4s8nGwiZ5l3QUCyqpo9Y+/ZMZ9VjZe4=
github.com/sirupsen/logrus v1.0.4 h1:gzbtLsZC3Ic5PptoRG+kQj4L60qjK7H7XszrU163JNQ=
github.com/sirupsen/logrus v1.0.4/go.mod h1:pMByvHTf9Beacp5x1UXfOR9xyW/9antXMhjMPG0dEzc=
golang.org/x/crypto v0.0.0-20180127211104-1875d0a70c90 h1:DNyuYmiOz3AH2rGH1n4YsZUvxVhkeMvSs8s31jiWpm0=
golang.org/x/crypto v0.0.0-20180127211104-1875d0a70c90/go.mod h1:6SG95UA2DQfeDnfUPMdvaQW0Q7yPrPDi9nlGo2tz2b4=
golang.org/x/net v0.0.0-20180124060956-0ed95abb35c4 h1:BLERX6fu5dNMZcaGP2RzbrDZpHQbDkAoG9oiTRXbWr0=
golang.org/x/net v0.0.0-20180124060956-0ed95abb35c4/go.mod h1:mL1N/T3taQHkDXs73rZJwtUhF3w3ftmwwsq0BUmARs4=
golang.org/x/sys v0.0.0-20180130064325-3dbebcf8efb6 h1:rFN2d0/puj2cognejNJ12s4PWJOoiwqDBFfmbYt5Ym8=
golang.org/x/sys v0.0.0-20180130064325-3dbebcf8efb6/go.mod h1:STP8DvDyc/dI5b8T5hshtkjS+E42TnysNCUPdjciGhY=
